Início - 11/05

	Metas durante o período:
- Aprender claramente a estrutura básica do C#
- Dominar estruturas de repetição, estruturas de condição, switch e arrays
- Adquirir uma noção básica com a IDE e com o Github

	Desafios:
- Criar uma estrutura básica de seleção de classe em um jogo RPG
- Aplicar commits explicados a cada atualização do mini projeto
- Estruturar relatórios detalhadamente com objetivo de poupar trabalho dos demais participantes

Fim - 25/05